
Microsoft Visual Studio Solution File, Format Version 11.00
# Visual Studio 2010
Project("{F184B08F-C81C-45F6-A57F-5ABD9991F28F}") = "Translator", "Translator.vbproj", "{DC7B7B19-07A7-44C9-A624-67895E092C52}"
EndProject
Project("{54435603-DBB4-11D2-8724-00A0C9A8B90C}") = "TranslatorSetup", "_Setup\TranslatorSetup.vdproj", "{D570B2A5-9B29-4574-89BA-50F3546E3884}"
EndProject
Project("{FAE04EC0-301F-11D3-BF4B-00C04F79EFBC}") = "SmithHtmlEditor", "SmithHtmlEditor\SmithHtmlEditor.csproj", "{84BADDA1-AB3A-4064-B87E-178D7446901D}"
EndProject
Global
	GlobalSection(SolutionConfigurationPlatforms) = preSolution
		Debug|Any CPU = Debug|Any CPU
		Debug|Mixed Platforms = Debug|Mixed Platforms
		Debug|x86 = Debug|x86
		Release|Any CPU = Release|Any CPU
		Release|Mixed Platforms = Release|Mixed Platforms
		Release|x86 = Release|x86
	EndGlobalSection
	GlobalSection(ProjectConfigurationPlatforms) = postSolution
		{DC7B7B19-07A7-44C9-A624-67895E092C52}.Debug|Any CPU.ActiveCfg = Debug|x86
		{DC7B7B19-07A7-44C9-A624-67895E092C52}.Debug|Mixed Platforms.ActiveCfg = Debug|x86
		{DC7B7B19-07A7-44C9-A624-67895E092C52}.Debug|Mixed Platforms.Build.0 = Debug|x86
		{DC7B7B19-07A7-44C9-A624-67895E092C52}.Debug|x86.ActiveCfg = Debug|x86
		{DC7B7B19-07A7-44C9-A624-67895E092C52}.Debug|x86.Build.0 = Debug|x86
		{DC7B7B19-07A7-44C9-A624-67895E092C52}.Release|Any CPU.ActiveCfg = Release|x86
		{DC7B7B19-07A7-44C9-A624-67895E092C52}.Release|Mixed Platforms.ActiveCfg = Release|x86
		{DC7B7B19-07A7-44C9-A624-67895E092C52}.Release|Mixed Platforms.Build.0 = Release|x86
		{DC7B7B19-07A7-44C9-A624-67895E092C52}.Release|x86.ActiveCfg = Release|x86
		{DC7B7B19-07A7-44C9-A624-67895E092C52}.Release|x86.Build.0 = Release|x86
		{D570B2A5-9B29-4574-89BA-50F3546E3884}.Debug|Any CPU.ActiveCfg = Debug
		{D570B2A5-9B29-4574-89BA-50F3546E3884}.Debug|Any CPU.Build.0 = Debug
		{D570B2A5-9B29-4574-89BA-50F3546E3884}.Debug|Mixed Platforms.ActiveCfg = Debug
		{D570B2A5-9B29-4574-89BA-50F3546E3884}.Debug|Mixed Platforms.Build.0 = Debug
		{D570B2A5-9B29-4574-89BA-50F3546E3884}.Debug|x86.ActiveCfg = Debug
		{D570B2A5-9B29-4574-89BA-50F3546E3884}.Debug|x86.Build.0 = Debug
		{D570B2A5-9B29-4574-89BA-50F3546E3884}.Release|Any CPU.ActiveCfg = Release
		{D570B2A5-9B29-4574-89BA-50F3546E3884}.Release|Any CPU.Build.0 = Release
		{D570B2A5-9B29-4574-89BA-50F3546E3884}.Release|Mixed Platforms.ActiveCfg = Release
		{D570B2A5-9B29-4574-89BA-50F3546E3884}.Release|Mixed Platforms.Build.0 = Release
		{D570B2A5-9B29-4574-89BA-50F3546E3884}.Release|x86.ActiveCfg = Release
		{D570B2A5-9B29-4574-89BA-50F3546E3884}.Release|x86.Build.0 = Release
		{84BADDA1-AB3A-4064-B87E-178D7446901D}.Debug|Any CPU.ActiveCfg = Debug|Any CPU
		{84BADDA1-AB3A-4064-B87E-178D7446901D}.Debug|Any CPU.Build.0 = Debug|Any CPU
		{84BADDA1-AB3A-4064-B87E-178D7446901D}.Debug|Mixed Platforms.ActiveCfg = Debug|Any CPU
		{84BADDA1-AB3A-4064-B87E-178D7446901D}.Debug|Mixed Platforms.Build.0 = Debug|Any CPU
		{84BADDA1-AB3A-4064-B87E-178D7446901D}.Debug|x86.ActiveCfg = Debug|Any CPU
		{84BADDA1-AB3A-4064-B87E-178D7446901D}.Release|Any CPU.ActiveCfg = Release|Any CPU
		{84BADDA1-AB3A-4064-B87E-178D7446901D}.Release|Any CPU.Build.0 = Release|Any CPU
		{84BADDA1-AB3A-4064-B87E-178D7446901D}.Release|Mixed Platforms.ActiveCfg = Release|Any CPU
		{84BADDA1-AB3A-4064-B87E-178D7446901D}.Release|Mixed Platforms.Build.0 = Release|Any CPU
		{84BADDA1-AB3A-4064-B87E-178D7446901D}.Release|x86.ActiveCfg = Release|Any CPU
	EndGlobalSection
	GlobalSection(SolutionProperties) = preSolution
		HideSolutionNode = FALSE
	EndGlobalSection
EndGlobal
