
Microsoft Visual Studio Solution File, Format Version 11.00
# Visual Studio 2010
Project("{F184B08F-C81C-45F6-A57F-5ABD9991F28F}") = "Translator", "Translator.vbproj", "{DC7B7B19-07A7-44C9-A624-67895E092C52}"
EndProject
Project("{54435603-DBB4-11D2-8724-00A0C9A8B90C}") = "TranslatorSetup", "_Setup\TranslatorSetup.vdproj", "{D570B2A5-9B29-4574-89BA-50F3546E3884}"
EndProject
Global
	GlobalSection(SolutionConfigurationPlatforms) = preSolution
		Debug|x86 = Debug|x86
		Release|x86 = Release|x86
	EndGlobalSection
	GlobalSection(ProjectConfigurationPlatforms) = postSolution
		{DC7B7B19-07A7-44C9-A624-67895E092C52}.Debug|x86.ActiveCfg = Debug|x86
		{DC7B7B19-07A7-44C9-A624-67895E092C52}.Debug|x86.Build.0 = Debug|x86
		{DC7B7B19-07A7-44C9-A624-67895E092C52}.Release|x86.ActiveCfg = Release|x86
		{DC7B7B19-07A7-44C9-A624-67895E092C52}.Release|x86.Build.0 = Release|x86
		{D570B2A5-9B29-4574-89BA-50F3546E3884}.Debug|x86.ActiveCfg = Debug
		{D570B2A5-9B29-4574-89BA-50F3546E3884}.Debug|x86.Build.0 = Debug
		{D570B2A5-9B29-4574-89BA-50F3546E3884}.Release|x86.ActiveCfg = Release
		{D570B2A5-9B29-4574-89BA-50F3546E3884}.Release|x86.Build.0 = Release
	EndGlobalSection
	GlobalSection(SolutionProperties) = preSolution
		HideSolutionNode = FALSE
	EndGlobalSection
EndGlobal
